
Microsoft Visual Studio Solution File, Format Version 12.00
# Visual Studio Version 16
VisualStudioVersion = 16.0.31729.503
MinimumVisualStudioVersion = 10.0.40219.1
Project("{FAE04EC0-301F-11D3-BF4B-00C04F79EFBC}") = "Algorithms_primeNumbers", "Algorithms_primeNumbers.csproj", "{645041B1-E1B2-423C-9329-2A4EF11806B0}"
EndProject
Global
	GlobalSection(SolutionConfigurationPlatforms) = preSolution
		Debug|Any CPU = Debug|Any CPU
		Release|Any CPU = Release|Any CPU
	EndGlobalSection
	GlobalSection(ProjectConfigurationPlatforms) = postSolution
		{645041B1-E1B2-423C-9329-2A4EF11806B0}.Debug|Any CPU.ActiveCfg = Debug|Any CPU
		{645041B1-E1B2-423C-9329-2A4EF11806B0}.Debug|Any CPU.Build.0 = Debug|Any CPU
		{645041B1-E1B2-423C-9329-2A4EF11806B0}.Release|Any CPU.ActiveCfg = Release|Any CPU
		{645041B1-E1B2-423C-9329-2A4EF11806B0}.Release|Any CPU.Build.0 = Release|Any CPU
	EndGlobalSection
	GlobalSection(SolutionProperties) = preSolution
		HideSolutionNode = FALSE
	EndGlobalSection
	GlobalSection(ExtensibilityGlobals) = postSolution
		SolutionGuid = {839D1E32-CEAD-4C1A-9D3D-5C002DC96271}
	EndGlobalSection
EndGlobal
